
Microsoft Visual Studio Solution File, Format Version 12.00
# Visual Studio Version 16
VisualStudioVersion = 16.0.31005.135
MinimumVisualStudioVersion = 10.0.40219.1
Project("{FAE04EC0-301F-11D3-BF4B-00C04F79EFBC}") = "Xadrez-Console", "Xadrez-Console\Xadrez-Console.csproj", "{A25F65CF-FFE3-4506-952D-8A9A6D026314}"
EndProject
Global
	GlobalSection(SolutionConfigurationPlatforms) = preSolution
		Debug|Any CPU = Debug|Any CPU
		Release|Any CPU = Release|Any CPU
	EndGlobalSection
	GlobalSection(ProjectConfigurationPlatforms) = postSolution
		{A25F65CF-FFE3-4506-952D-8A9A6D026314}.Debug|Any CPU.ActiveCfg = Debug|Any CPU
		{A25F65CF-FFE3-4506-952D-8A9A6D026314}.Debug|Any CPU.Build.0 = Debug|Any CPU
		{A25F65CF-FFE3-4506-952D-8A9A6D026314}.Release|Any CPU.ActiveCfg = Release|Any CPU
		{A25F65CF-FFE3-4506-952D-8A9A6D026314}.Release|Any CPU.Build.0 = Release|Any CPU
	EndGlobalSection
	GlobalSection(SolutionProperties) = preSolution
		HideSolutionNode = FALSE
	EndGlobalSection
	GlobalSection(ExtensibilityGlobals) = postSolution
		SolutionGuid = {26A74AB5-1691-48D4-844C-6C42BAE88A38}
	EndGlobalSection
EndGlobal
